// !$*UTF8*$!
{
	archiveVersion = 1;
	classes = {
	};
	objectVersion = 56;
	objects = {

/* Begin PBXBuildFile section */
		A10000000000000000000001 /* Defaults.swift in Sources */ = {isa = PBXBuildFile; fileRef = A20000000000000000000001 /* Defaults.swift */; };
		A10000000000000000000002 /* Metadata.swift in Sources */ = {isa = PBXBuildFile; fileRef = A20000000000000000000002 /* Metadata.swift */; };
		A10000000000000000000004 /* GamesScreensaverView.swift in Sources */ = {isa = PBXBuildFile; fileRef = A20000000000000000000004 /* GamesScreensaverView.swift */; };
		A10000000000000000000005 /* SettingsView.swift in Sources */ = {isa = PBXBuildFile; fileRef = A20000000000000000000005 /* SettingsView.swift */; };
		A10000000000000000000020 /* OSD.swift in Sources */ = {isa = PBXBuildFile; fileRef = A2000000000000000000000E /* OSD.swift */; };
		A10000000000000000000006 /* metadata.json in Resources */ = {isa = PBXBuildFile; fileRef = A20000000000000000000006 /* metadata.json */; };
		A10000000000000000000007 /* ScreenSaver.framework in Frameworks */ = {isa = PBXBuildFile; fileRef = A20000000000000000000007 /* ScreenSaver.framework */; };
		A10000000000000000000008 /* WebKit.framework in Frameworks */ = {isa = PBXBuildFile; fileRef = A20000000000000000000008 /* WebKit.framework */; };
		A10000000000000000000011 /* Defaults.swift in Sources */ = {isa = PBXBuildFile; fileRef = A20000000000000000000001 /* Defaults.swift */; };
		A10000000000000000000012 /* Metadata.swift in Sources */ = {isa = PBXBuildFile; fileRef = A20000000000000000000002 /* Metadata.swift */; };
		A10000000000000000000014 /* GamesScreensaverView.swift in Sources */ = {isa = PBXBuildFile; fileRef = A20000000000000000000004 /* GamesScreensaverView.swift */; };
		A10000000000000000000015 /* SettingsView.swift in Sources */ = {isa = PBXBuildFile; fileRef = A20000000000000000000005 /* SettingsView.swift */; };
		A10000000000000000000016 /* BootstrapApp.swift in Sources */ = {isa = PBXBuildFile; fileRef = A20000000000000000000009 /* BootstrapApp.swift */; };
		A10000000000000000000021 /* OSD.swift in Sources */ = {isa = PBXBuildFile; fileRef = A2000000000000000000000E /* OSD.swift */; };
		A10000000000000000000017 /* metadata.json in Resources */ = {isa = PBXBuildFile; fileRef = A20000000000000000000006 /* metadata.json */; };
		A10000000000000000000018 /* ScreenSaver.framework in Frameworks */ = {isa = PBXBuildFile; fileRef = A20000000000000000000007 /* ScreenSaver.framework */; };
		A10000000000000000000019 /* WebKit.framework in Frameworks */ = {isa = PBXBuildFile; fileRef = A20000000000000000000008 /* WebKit.framework */; };
/* End PBXBuildFile section */

/* Begin PBXContainerItemProxy section */
		A90000000000000000000002 /* PBXContainerItemProxy */ = {
			isa = PBXContainerItemProxy;
			containerPortal = A80000000000000000000001 /* Project object */;
			proxyType = 1;
			remoteGlobalIDString = A50000000000000000000001;
			remoteInfo = SpeedS;
		};
/* End PBXContainerItemProxy section */

/* Begin PBXFileReference section */
		A20000000000000000000001 /* Defaults.swift */ = {isa = PBXFileReference; lastKnownFileType = sourcecode.swift; path = Defaults.swift; sourceTree = "<group>"; };
		A20000000000000000000002 /* Metadata.swift */ = {isa = PBXFileReference; lastKnownFileType = sourcecode.swift; path = Metadata.swift; sourceTree = "<group>"; };
		A20000000000000000000004 /* GamesScreensaverView.swift */ = {isa = PBXFileReference; lastKnownFileType = sourcecode.swift; path = GamesScreensaverView.swift; sourceTree = "<group>"; };
		A20000000000000000000005 /* SettingsView.swift */ = {isa = PBXFileReference; lastKnownFileType = sourcecode.swift; path = SettingsView.swift; sourceTree = "<group>"; };
		A2000000000000000000000E /* OSD.swift */ = {isa = PBXFileReference; lastKnownFileType = sourcecode.swift; path = OSD.swift; sourceTree = "<group>"; };
		A20000000000000000000006 /* metadata.json */ = {isa = PBXFileReference; lastKnownFileType = text.json; path = metadata.json; sourceTree = "<group>"; };
		A20000000000000000000007 /* ScreenSaver.framework */ = {isa = PBXFileReference; lastKnownFileType = wrapper.framework; name = ScreenSaver.framework; path = System/Library/Frameworks/ScreenSaver.framework; sourceTree = SDKROOT; };
		A20000000000000000000008 /* WebKit.framework */ = {isa = PBXFileReference; lastKnownFileType = wrapper.framework; name = WebKit.framework; path = System/Library/Frameworks/WebKit.framework; sourceTree = SDKROOT; };
		A20000000000000000000009 /* BootstrapApp.swift */ = {isa = PBXFileReference; lastKnownFileType = sourcecode.swift; path = BootstrapApp.swift; sourceTree = "<group>"; };
		A2000000000000000000000A /* Info.plist */ = {isa = PBXFileReference; lastKnownFileType = text.plist.xml; path = Info.plist; sourceTree = "<group>"; };
		A2000000000000000000000B /* Info.plist */ = {isa = PBXFileReference; lastKnownFileType = text.plist.xml; path = Info.plist; sourceTree = "<group>"; };
		A2000000000000000000000C /* SpeedS.saver */ = {isa = PBXFileReference; explicitFileType = wrapper.cfbundle; includeInIndex = 0; path = SpeedS.saver; sourceTree = BUILT_PRODUCTS_DIR; };
		A2000000000000000000000D /* Bootstrap.app */ = {isa = PBXFileReference; explicitFileType = wrapper.application; includeInIndex = 0; path = Bootstrap.app; sourceTree = BUILT_PRODUCTS_DIR; };
/* End PBXFileReference section */

/* Begin PBXFrameworksBuildPhase section */
		A30000000000000000000002 /* Frameworks */ = {
			isa = PBXFrameworksBuildPhase;
			buildActionMask = 2147483647;
			files = (
				A10000000000000000000007 /* ScreenSaver.framework in Frameworks */,
				A10000000000000000000008 /* WebKit.framework in Frameworks */,
			);
			runOnlyForDeploymentPostprocessing = 0;
		};
		A30000000000000000000005 /* Frameworks */ = {
			isa = PBXFrameworksBuildPhase;
			buildActionMask = 2147483647;
			files = (
				A10000000000000000000018 /* ScreenSaver.framework in Frameworks */,
				A10000000000000000000019 /* WebKit.framework in Frameworks */,
			);
			runOnlyForDeploymentPostprocessing = 0;
		};
/* End PBXFrameworksBuildPhase section */

/* Begin PBXGroup section */
		A40000000000000000000001 = {
			isa = PBXGroup;
			children = (
				A40000000000000000000002 /* Screensaver */,
				A40000000000000000000003 /* Bootstrap */,
				A20000000000000000000006 /* metadata.json */,
				A40000000000000000000004 /* Frameworks */,
				A40000000000000000000005 /* Products */,
			);
			sourceTree = "<group>";
		};
		A40000000000000000000002 /* Screensaver */ = {
			isa = PBXGroup;
			children = (
				A20000000000000000000004 /* GamesScreensaverView.swift */,
				A20000000000000000000005 /* SettingsView.swift */,
				A2000000000000000000000E /* OSD.swift */,
				A20000000000000000000002 /* Metadata.swift */,
				A20000000000000000000001 /* Defaults.swift */,
				A2000000000000000000000A /* Info.plist */,
			);
			path = Screensaver;
			sourceTree = "<group>";
		};
		A40000000000000000000003 /* Bootstrap */ = {
			isa = PBXGroup;
			children = (
				A20000000000000000000009 /* BootstrapApp.swift */,
				A2000000000000000000000B /* Info.plist */,
			);
			path = Bootstrap;
			sourceTree = "<group>";
		};
		A40000000000000000000004 /* Frameworks */ = {
			isa = PBXGroup;
			children = (
				A20000000000000000000007 /* ScreenSaver.framework */,
				A20000000000000000000008 /* WebKit.framework */,
			);
			name = Frameworks;
			sourceTree = "<group>";
		};
		A40000000000000000000005 /* Products */ = {
			isa = PBXGroup;
			children = (
				A2000000000000000000000C /* SpeedS.saver */,
				A2000000000000000000000D /* Bootstrap.app */,
			);
			name = Products;
			sourceTree = "<group>";
		};
/* End PBXGroup section */

/* Begin PBXNativeTarget section */
		A50000000000000000000001 /* SpeedS */ = {
			isa = PBXNativeTarget;
			buildConfigurationList = A70000000000000000000002 /* Build configuration list for PBXNativeTarget "SpeedS" */;
			buildPhases = (
				A30000000000000000000001 /* Sources */,
				A30000000000000000000002 /* Frameworks */,
				A30000000000000000000003 /* Resources */,
			);
			buildRules = (
			);
			dependencies = (
			);
			name = SpeedS;
			productName = SpeedS;
			productReference = A2000000000000000000000C /* SpeedS.saver */;
			productType = "com.apple.product-type.bundle";
		};
		A50000000000000000000002 /* Bootstrap */ = {
			isa = PBXNativeTarget;
			buildConfigurationList = A70000000000000000000003 /* Build configuration list for PBXNativeTarget "Bootstrap" */;
			buildPhases = (
				A30000000000000000000004 /* Sources */,
				A30000000000000000000005 /* Frameworks */,
				A30000000000000000000006 /* Resources */,
			);
			buildRules = (
			);
			dependencies = (
				A90000000000000000000001 /* PBXTargetDependency */,
			);
			name = Bootstrap;
			productName = Bootstrap;
			productReference = A2000000000000000000000D /* Bootstrap.app */;
			productType = "com.apple.product-type.application";
		};
/* End PBXNativeTarget section */

/* Begin PBXProject section */
		A80000000000000000000001 /* Project object */ = {
			isa = PBXProject;
			attributes = {
				BuildIndependentTargetsInParallel = YES;
				LastSwiftUpdateCheck = 1500;
				LastUpgradeCheck = 1500;
				TargetAttributes = {
					A50000000000000000000001 = {
						CreatedOnToolsVersion = 15.0;
					};
					A50000000000000000000002 = {
						CreatedOnToolsVersion = 15.0;
					};
				};
			};
			buildConfigurationList = A70000000000000000000001 /* Build configuration list for PBXProject "SpeedS" */;
			compatibilityVersion = "Xcode 14.0";
			developmentRegion = en;
			hasScannedForEncodings = 0;
			knownRegions = (
				en,
				Base,
			);
			mainGroup = A40000000000000000000001;
			productRefGroup = A40000000000000000000005 /* Products */;
			projectDirPath = "";
			projectRoot = "";
			targets = (
				A50000000000000000000001 /* SpeedS */,
				A50000000000000000000002 /* Bootstrap */,
			);
		};
/* End PBXProject section */

/* Begin PBXResourcesBuildPhase section */
		A30000000000000000000003 /* Resources */ = {
			isa = PBXResourcesBuildPhase;
			buildActionMask = 2147483647;
			files = (
				A10000000000000000000006 /* metadata.json in Resources */,
			);
			runOnlyForDeploymentPostprocessing = 0;
		};
		A30000000000000000000006 /* Resources */ = {
			isa = PBXResourcesBuildPhase;
			buildActionMask = 2147483647;
			files = (
				A10000000000000000000017 /* metadata.json in Resources */,
			);
			runOnlyForDeploymentPostprocessing = 0;
		};
/* End PBXResourcesBuildPhase section */

/* Begin PBXSourcesBuildPhase section */
		A30000000000000000000001 /* Sources */ = {
			isa = PBXSourcesBuildPhase;
			buildActionMask = 2147483647;
			files = (
				A10000000000000000000001 /* Defaults.swift in Sources */,
				A10000000000000000000002 /* Metadata.swift in Sources */,
				A10000000000000000000004 /* GamesScreensaverView.swift in Sources */,
				A10000000000000000000005 /* SettingsView.swift in Sources */,
				A10000000000000000000020 /* OSD.swift in Sources */,
			);
			runOnlyForDeploymentPostprocessing = 0;
		};
		A30000000000000000000004 /* Sources */ = {
			isa = PBXSourcesBuildPhase;
			buildActionMask = 2147483647;
			files = (
				A10000000000000000000011 /* Defaults.swift in Sources */,
				A10000000000000000000012 /* Metadata.swift in Sources */,
				A10000000000000000000014 /* GamesScreensaverView.swift in Sources */,
				A10000000000000000000015 /* SettingsView.swift in Sources */,
				A10000000000000000000016 /* BootstrapApp.swift in Sources */,
				A10000000000000000000021 /* OSD.swift in Sources */,
			);
			runOnlyForDeploymentPostprocessing = 0;
		};
/* End PBXSourcesBuildPhase section */

/* Begin PBXTargetDependency section */
		A90000000000000000000001 /* PBXTargetDependency */ = {
			isa = PBXTargetDependency;
			target = A50000000000000000000001 /* SpeedS */;
			targetProxy = A90000000000000000000002 /* PBXContainerItemProxy */;
		};
/* End PBXTargetDependency section */

/* Begin XCBuildConfiguration section */
		A60000000000000000000001 /* Debug */ = {
			isa = XCBuildConfiguration;
			buildSettings = {
				ALWAYS_SEARCH_USER_PATHS = NO;
				ARCHS = "$(ARCHS_STANDARD)";
				CLANG_ANALYZER_NONNULL = YES;
				CLANG_ENABLE_MODULES = YES;
				CLANG_ENABLE_OBJC_ARC = YES;
				CLANG_ENABLE_OBJC_WEAK = YES;
				COPY_PHASE_STRIP = NO;
				DEBUG_INFORMATION_FORMAT = dwarf;
				ENABLE_HARDENED_RUNTIME = YES;
				ENABLE_STRICT_OBJC_MSGSEND = YES;
				ENABLE_TESTABILITY = YES;
				GCC_C_LANGUAGE_STANDARD = gnu11;
				GCC_DYNAMIC_NO_PIC = NO;
				GCC_NO_COMMON_BLOCKS = YES;
				GCC_OPTIMIZATION_LEVEL = 0;
				GCC_PREPROCESSOR_DEFINITIONS = (
					"DEBUG=1",
					"$(inherited)",
				);
				MACOSX_DEPLOYMENT_TARGET = 13.0;
				ONLY_ACTIVE_ARCH = YES;
				SDKROOT = macosx;
				SWIFT_ACTIVE_COMPILATION_CONDITIONS = DEBUG;
				SWIFT_OPTIMIZATION_LEVEL = "-Onone";
				SWIFT_VERSION = 5.0;
			};
			name = Debug;
		};
		A60000000000000000000002 /* Release */ = {
			isa = XCBuildConfiguration;
			buildSettings = {
				ALWAYS_SEARCH_USER_PATHS = NO;
				ARCHS = "$(ARCHS_STANDARD)";
				CLANG_ANALYZER_NONNULL = YES;
				CLANG_ENABLE_MODULES = YES;
				CLANG_ENABLE_OBJC_ARC = YES;
				CLANG_ENABLE_OBJC_WEAK = YES;
				COPY_PHASE_STRIP = NO;
				DEBUG_INFORMATION_FORMAT = "dwarf-with-dsym";
				ENABLE_HARDENED_RUNTIME = YES;
				ENABLE_NS_ASSERTIONS = NO;
				ENABLE_STRICT_OBJC_MSGSEND = YES;
				GCC_C_LANGUAGE_STANDARD = gnu11;
				GCC_NO_COMMON_BLOCKS = YES;
				MACOSX_DEPLOYMENT_TARGET = 13.0;
				SDKROOT = macosx;
				SWIFT_COMPILATION_MODE = wholemodule;
				SWIFT_OPTIMIZATION_LEVEL = "-O";
				SWIFT_VERSION = 5.0;
			};
			name = Release;
		};
		A60000000000000000000003 /* Debug */ = {
			isa = XCBuildConfiguration;
			buildSettings = {
				CODE_SIGN_IDENTITY = "-";
				CODE_SIGN_STYLE = Automatic;
				COMBINE_HIDPI_IMAGES = YES;
				CURRENT_PROJECT_VERSION = 1;
				DEVELOPMENT_TEAM = "";
				INFOPLIST_FILE = "Screensaver/Info.plist";
				LD_RUNPATH_SEARCH_PATHS = (
					"$(inherited)",
					"@executable_path/../Frameworks",
					"@loader_path/../Frameworks",
				);
				MARKETING_VERSION = 2.0;
				PRODUCT_BUNDLE_IDENTIFIER = "io.github.orta.SpeedS";
				PRODUCT_NAME = "$(TARGET_NAME)";
				SKIP_INSTALL = YES;
				WRAPPER_EXTENSION = saver;
			};
			name = Debug;
		};
		A60000000000000000000004 /* Release */ = {
			isa = XCBuildConfiguration;
			buildSettings = {
				CODE_SIGN_IDENTITY = "-";
				CODE_SIGN_STYLE = Automatic;
				COMBINE_HIDPI_IMAGES = YES;
				CURRENT_PROJECT_VERSION = 1;
				DEVELOPMENT_TEAM = "";
				INFOPLIST_FILE = "Screensaver/Info.plist";
				LD_RUNPATH_SEARCH_PATHS = (
					"$(inherited)",
					"@executable_path/../Frameworks",
					"@loader_path/../Frameworks",
				);
				MARKETING_VERSION = 2.0;
				PRODUCT_BUNDLE_IDENTIFIER = "io.github.orta.SpeedS";
				PRODUCT_NAME = "$(TARGET_NAME)";
				SKIP_INSTALL = YES;
				WRAPPER_EXTENSION = saver;
			};
			name = Release;
		};
		A60000000000000000000005 /* Debug */ = {
			isa = XCBuildConfiguration;
			buildSettings = {
				CODE_SIGN_IDENTITY = "-";
				CODE_SIGN_STYLE = Automatic;
				COMBINE_HIDPI_IMAGES = YES;
				CURRENT_PROJECT_VERSION = 1;
				DEVELOPMENT_TEAM = "";
				INFOPLIST_FILE = "Bootstrap/Info.plist";
				LD_RUNPATH_SEARCH_PATHS = (
					"$(inherited)",
					"@executable_path/../Frameworks",
				);
				MARKETING_VERSION = 2.0;
				PRODUCT_BUNDLE_IDENTIFIER = "io.github.orta.SpeedS.Bootstrap";
				PRODUCT_NAME = "$(TARGET_NAME)";
			};
			name = Debug;
		};
		A60000000000000000000006 /* Release */ = {
			isa = XCBuildConfiguration;
			buildSettings = {
				CODE_SIGN_IDENTITY = "-";
				CODE_SIGN_STYLE = Automatic;
				COMBINE_HIDPI_IMAGES = YES;
				CURRENT_PROJECT_VERSION = 1;
				DEVELOPMENT_TEAM = "";
				INFOPLIST_FILE = "Bootstrap/Info.plist";
				LD_RUNPATH_SEARCH_PATHS = (
					"$(inherited)",
					"@executable_path/../Frameworks",
				);
				MARKETING_VERSION = 2.0;
				PRODUCT_BUNDLE_IDENTIFIER = "io.github.orta.SpeedS.Bootstrap";
				PRODUCT_NAME = "$(TARGET_NAME)";
			};
			name = Release;
		};
/* End XCBuildConfiguration section */

/* Begin XCConfigurationList section */
		A70000000000000000000001 /* Build configuration list for PBXProject "SpeedS" */ = {
			isa = XCConfigurationList;
			buildConfigurations = (
				A60000000000000000000001 /* Debug */,
				A60000000000000000000002 /* Release */,
			);
			defaultConfigurationIsVisible = 0;
			defaultConfigurationName = Release;
		};
		A70000000000000000000002 /* Build configuration list for PBXNativeTarget "SpeedS" */ = {
			isa = XCConfigurationList;
			buildConfigurations = (
				A60000000000000000000003 /* Debug */,
				A60000000000000000000004 /* Release */,
			);
			defaultConfigurationIsVisible = 0;
			defaultConfigurationName = Release;
		};
		A70000000000000000000003 /* Build configuration list for PBXNativeTarget "Bootstrap" */ = {
			isa = XCConfigurationList;
			buildConfigurations = (
				A60000000000000000000005 /* Debug */,
				A60000000000000000000006 /* Release */,
			);
			defaultConfigurationIsVisible = 0;
			defaultConfigurationName = Release;
		};
/* End XCConfigurationList section */
	};
	rootObject = A80000000000000000000001 /* Project object */;
}
